
Microsoft Visual Studio Solution File, Format Version 12.00
# Visual Studio Version 16
VisualStudioVersion = 16.0.31911.196
MinimumVisualStudioVersion = 10.0.40219.1
Project("{FAE04EC0-301F-11D3-BF4B-00C04F79EFBC}") = "ModelPLM", "ModelPLM.csproj", "{D0025C30-9DA5-4CCA-BB11-6860BA0739BE}"
EndProject
Global
	GlobalSection(SolutionConfigurationPlatforms) = preSolution
		Debug|Any CPU = Debug|Any CPU
		Release|Any CPU = Release|Any CPU
	EndGlobalSection
	GlobalSection(ProjectConfigurationPlatforms) = postSolution
		{D0025C30-9DA5-4CCA-BB11-6860BA0739BE}.Debug|Any CPU.ActiveCfg = Debug|Any CPU
		{D0025C30-9DA5-4CCA-BB11-6860BA0739BE}.Debug|Any CPU.Build.0 = Debug|Any CPU
		{D0025C30-9DA5-4CCA-BB11-6860BA0739BE}.Release|Any CPU.ActiveCfg = Release|Any CPU
		{D0025C30-9DA5-4CCA-BB11-6860BA0739BE}.Release|Any CPU.Build.0 = Release|Any CPU
	EndGlobalSection
	GlobalSection(SolutionProperties) = preSolution
		HideSolutionNode = FALSE
	EndGlobalSection
	GlobalSection(ExtensibilityGlobals) = postSolution
		SolutionGuid = {7F7ADD84-C076-4CC5-83DA-1836CD9A3D38}
	EndGlobalSection
EndGlobal
